// !$*UTF8*$!
{
	archiveVersion = 1;
	classes = {
	};
	objectVersion = 50;
	objects = {

/* Begin PBXBuildFile section */
		50B6A5E5133F0944B0A16E84 /* Pods_SunnyDay.framework in Frameworks */ = {isa = PBXBuildFile; fileRef = F135301D00DD28A174CEFF5F /* Pods_SunnyDay.framework */; };
		848B046A22963DCF002A708E /* SnapKit.framework in Frameworks */ = {isa = PBXBuildFile; fileRef = 848B046922963DCF002A708E /* SnapKit.framework */; };
		848B046D22963E1D002A708E /* MeCell.swift in Sources */ = {isa = PBXBuildFile; fileRef = 848B046C22963E1D002A708E /* MeCell.swift */; };
		848B047022964627002A708E /* me_statistical@3x.png in Resources */ = {isa = PBXBuildFile; fileRef = 848B046E22964627002A708E /* me_statistical@3x.png */; };
		848B047122964627002A708E /* me_statistical@2x.png in Resources */ = {isa = PBXBuildFile; fileRef = 848B046F22964627002A708E /* me_statistical@2x.png */; };
		84E0746C2272A082007D4D98 /* AppDelegate.swift in Sources */ = {isa = PBXBuildFile; fileRef = 84E0746B2272A082007D4D98 /* AppDelegate.swift */; };
		84E074712272A082007D4D98 /* Main.storyboard in Resources */ = {isa = PBXBuildFile; fileRef = 84E0746F2272A082007D4D98 /* Main.storyboard */; };
		84E074732272A083007D4D98 /* Assets.xcassets in Resources */ = {isa = PBXBuildFile; fileRef = 84E074722272A083007D4D98 /* Assets.xcassets */; };
		84E074762272A083007D4D98 /* LaunchScreen.storyboard in Resources */ = {isa = PBXBuildFile; fileRef = 84E074742272A083007D4D98 /* LaunchScreen.storyboard */; };
		84E0747E2272A3E7007D4D98 /* BaseTabBarViewController.swift in Sources */ = {isa = PBXBuildFile; fileRef = 84E0747D2272A3E7007D4D98 /* BaseTabBarViewController.swift */; };
		84E074802272B25E007D4D98 /* BaseNavigationController.swift in Sources */ = {isa = PBXBuildFile; fileRef = 84E0747F2272B25E007D4D98 /* BaseNavigationController.swift */; };
		84E074822272E0AF007D4D98 /* DayViewController.swift in Sources */ = {isa = PBXBuildFile; fileRef = 84E074812272E0AF007D4D98 /* DayViewController.swift */; };
		84E074842272E0C6007D4D98 /* NightViewController.swift in Sources */ = {isa = PBXBuildFile; fileRef = 84E074832272E0C6007D4D98 /* NightViewController.swift */; };
		84E074862272E0D4007D4D98 /* MeViewController.swift in Sources */ = {isa = PBXBuildFile; fileRef = 84E074852272E0D4007D4D98 /* MeViewController.swift */; };
		84E074952272E68E007D4D98 /* tab_bar_night_selected@2x.png in Resources */ = {isa = PBXBuildFile; fileRef = 84E074892272E68E007D4D98 /* tab_bar_night_selected@2x.png */; };
		84E074962272E68E007D4D98 /* tab_bar_night_selected@3x.png in Resources */ = {isa = PBXBuildFile; fileRef = 84E0748A2272E68E007D4D98 /* tab_bar_night_selected@3x.png */; };
		84E074972272E68E007D4D98 /* tab_bar_night_normal@2x.png in Resources */ = {isa = PBXBuildFile; fileRef = 84E0748B2272E68E007D4D98 /* tab_bar_night_normal@2x.png */; };
		84E074982272E68E007D4D98 /* tab_bar_night_normal@3x.png in Resources */ = {isa = PBXBuildFile; fileRef = 84E0748C2272E68E007D4D98 /* tab_bar_night_normal@3x.png */; };
		84E074992272E68E007D4D98 /* tab_bar_me_normal@3x.png in Resources */ = {isa = PBXBuildFile; fileRef = 84E0748D2272E68E007D4D98 /* tab_bar_me_normal@3x.png */; };
		84E0749A2272E68E007D4D98 /* tab_bar_me_normal@2x.png in Resources */ = {isa = PBXBuildFile; fileRef = 84E0748E2272E68E007D4D98 /* tab_bar_me_normal@2x.png */; };
		84E0749B2272E68E007D4D98 /* tab_bar_me_selected@2x.png in Resources */ = {isa = PBXBuildFile; fileRef = 84E0748F2272E68E007D4D98 /* tab_bar_me_selected@2x.png */; };
		84E0749C2272E68E007D4D98 /* tab_bar_day_selected@3x.png in Resources */ = {isa = PBXBuildFile; fileRef = 84E074902272E68E007D4D98 /* tab_bar_day_selected@3x.png */; };
		84E0749D2272E68E007D4D98 /* tab_bar_day_normal@2x.png in Resources */ = {isa = PBXBuildFile; fileRef = 84E074912272E68E007D4D98 /* tab_bar_day_normal@2x.png */; };
		84E0749E2272E68E007D4D98 /* tab_bar_day_normal@3x.png in Resources */ = {isa = PBXBuildFile; fileRef = 84E074922272E68E007D4D98 /* tab_bar_day_normal@3x.png */; };
		84E0749F2272E68E007D4D98 /* tab_bar_day_selected@2x.png in Resources */ = {isa = PBXBuildFile; fileRef = 84E074932272E68E007D4D98 /* tab_bar_day_selected@2x.png */; };
		84E074A02272E68E007D4D98 /* tab_bar_me_selected@3x.png in Resources */ = {isa = PBXBuildFile; fileRef = 84E074942272E68E007D4D98 /* tab_bar_me_selected@3x.png */; };
		84E074A52272EE53007D4D98 /* Prefix.swift in Sources */ = {isa = PBXBuildFile; fileRef = 84E074A42272EE53007D4D98 /* Prefix.swift */; };
		84E4D7462296964A0016F241 /* SettingViewController.swift in Sources */ = {isa = PBXBuildFile; fileRef = 84E4D7452296964A0016F241 /* SettingViewController.swift */; };
		84EAF93F227583BB00DD7E09 /* MBProgressHUD.framework in Frameworks */ = {isa = PBXBuildFile; fileRef = 84EAF93E227583BB00DD7E09 /* MBProgressHUD.framework */; };
		84EAF94A2275870500DD7E09 /* qr_code@2x.png in Resources */ = {isa = PBXBuildFile; fileRef = 84EAF9412275870500DD7E09 /* qr_code@2x.png */; };
		84EAF94B2275870500DD7E09 /* qr_code@3x.png in Resources */ = {isa = PBXBuildFile; fileRef = 84EAF9422275870500DD7E09 /* qr_code@3x.png */; };
		84EAF94E2275870500DD7E09 /* avatar.png in Resources */ = {isa = PBXBuildFile; fileRef = 84EAF9452275870500DD7E09 /* avatar.png */; };
		84EAF94F2275870500DD7E09 /* me_setting@2x.png in Resources */ = {isa = PBXBuildFile; fileRef = 84EAF9462275870500DD7E09 /* me_setting@2x.png */; };
		84EAF9502275870500DD7E09 /* me_account@3x..png in Resources */ = {isa = PBXBuildFile; fileRef = 84EAF9472275870500DD7E09 /* me_account@3x..png */; };
		84EAF9512275870500DD7E09 /* me_setting@3x.png in Resources */ = {isa = PBXBuildFile; fileRef = 84EAF9482275870500DD7E09 /* me_setting@3x.png */; };
		84EAF9522275870500DD7E09 /* me_account@2x.png in Resources */ = {isa = PBXBuildFile; fileRef = 84EAF9492275870500DD7E09 /* me_account@2x.png */; };
/* End PBXBuildFile section */

/* Begin PBXFileReference section */
		23A1867C101E6FF5C741A62E /* Pods-SunnyDay.release.xcconfig */ = {isa = PBXFileReference; includeInIndex = 1; lastKnownFileType = text.xcconfig; name = "Pods-SunnyDay.release.xcconfig"; path = "Pods/Target Support Files/Pods-SunnyDay/Pods-SunnyDay.release.xcconfig"; sourceTree = "<group>"; };
		848B046922963DCF002A708E /* SnapKit.framework */ = {isa = PBXFileReference; explicitFileType = wrapper.framework; path = SnapKit.framework; sourceTree = BUILT_PRODUCTS_DIR; };
		848B046C22963E1D002A708E /* MeCell.swift */ = {isa = PBXFileReference; lastKnownFileType = sourcecode.swift; path = MeCell.swift; sourceTree = "<group>"; };
		848B046E22964627002A708E /* me_statistical@3x.png */ = {isa = PBXFileReference; lastKnownFileType = image.png; path = "me_statistical@3x.png"; sourceTree = "<group>"; };
		848B046F22964627002A708E /* me_statistical@2x.png */ = {isa = PBXFileReference; lastKnownFileType = image.png; path = "me_statistical@2x.png"; sourceTree = "<group>"; };
		84E074682272A082007D4D98 /* SunnyDay.app */ = {isa = PBXFileReference; explicitFileType = wrapper.application; includeInIndex = 0; path = SunnyDay.app; sourceTree = BUILT_PRODUCTS_DIR; };
		84E0746B2272A082007D4D98 /* AppDelegate.swift */ = {isa = PBXFileReference; lastKnownFileType = sourcecode.swift; path = AppDelegate.swift; sourceTree = "<group>"; };
		84E074702272A082007D4D98 /* Base */ = {isa = PBXFileReference; lastKnownFileType = file.storyboard; name = Base; path = Base.lproj/Main.storyboard; sourceTree = "<group>"; };
		84E074722272A083007D4D98 /* Assets.xcassets */ = {isa = PBXFileReference; lastKnownFileType = folder.assetcatalog; path = Assets.xcassets; sourceTree = "<group>"; };
		84E074752272A083007D4D98 /* Base */ = {isa = PBXFileReference; lastKnownFileType = file.storyboard; name = Base; path = Base.lproj/LaunchScreen.storyboard; sourceTree = "<group>"; };
		84E074772272A083007D4D98 /* Info.plist */ = {isa = PBXFileReference; lastKnownFileType = text.plist.xml; path = Info.plist; sourceTree = "<group>"; };
		84E0747D2272A3E7007D4D98 /* BaseTabBarViewController.swift */ = {isa = PBXFileReference; lastKnownFileType = sourcecode.swift; path = BaseTabBarViewController.swift; sourceTree = "<group>"; };
		84E0747F2272B25E007D4D98 /* BaseNavigationController.swift */ = {isa = PBXFileReference; lastKnownFileType = sourcecode.swift; path = BaseNavigationController.swift; sourceTree = "<group>"; };
		84E074812272E0AF007D4D98 /* DayViewController.swift */ = {isa = PBXFileReference; lastKnownFileType = sourcecode.swift; path = DayViewController.swift; sourceTree = "<group>"; };
		84E074832272E0C6007D4D98 /* NightViewController.swift */ = {isa = PBXFileReference; lastKnownFileType = sourcecode.swift; path = NightViewController.swift; sourceTree = "<group>"; };
		84E074852272E0D4007D4D98 /* MeViewController.swift */ = {isa = PBXFileReference; lastKnownFileType = sourcecode.swift; path = MeViewController.swift; sourceTree = "<group>"; };
		84E074892272E68E007D4D98 /* tab_bar_night_selected@2x.png */ = {isa = PBXFileReference; lastKnownFileType = image.png; path = "tab_bar_night_selected@2x.png"; sourceTree = "<group>"; };
		84E0748A2272E68E007D4D98 /* tab_bar_night_selected@3x.png */ = {isa = PBXFileReference; lastKnownFileType = image.png; path = "tab_bar_night_selected@3x.png"; sourceTree = "<group>"; };
		84E0748B2272E68E007D4D98 /* tab_bar_night_normal@2x.png */ = {isa = PBXFileReference; lastKnownFileType = image.png; path = "tab_bar_night_normal@2x.png"; sourceTree = "<group>"; };
		84E0748C2272E68E007D4D98 /* tab_bar_night_normal@3x.png */ = {isa = PBXFileReference; lastKnownFileType = image.png; path = "tab_bar_night_normal@3x.png"; sourceTree = "<group>"; };
		84E0748D2272E68E007D4D98 /* tab_bar_me_normal@3x.png */ = {isa = PBXFileReference; lastKnownFileType = image.png; path = "tab_bar_me_normal@3x.png"; sourceTree = "<group>"; };
		84E0748E2272E68E007D4D98 /* tab_bar_me_normal@2x.png */ = {isa = PBXFileReference; lastKnownFileType = image.png; path = "tab_bar_me_normal@2x.png"; sourceTree = "<group>"; };
		84E0748F2272E68E007D4D98 /* tab_bar_me_selected@2x.png */ = {isa = PBXFileReference; lastKnownFileType = image.png; path = "tab_bar_me_selected@2x.png"; sourceTree = "<group>"; };
		84E074902272E68E007D4D98 /* tab_bar_day_selected@3x.png */ = {isa = PBXFileReference; lastKnownFileType = image.png; path = "tab_bar_day_selected@3x.png"; sourceTree = "<group>"; };
		84E074912272E68E007D4D98 /* tab_bar_day_normal@2x.png */ = {isa = PBXFileReference; lastKnownFileType = image.png; path = "tab_bar_day_normal@2x.png"; sourceTree = "<group>"; };
		84E074922272E68E007D4D98 /* tab_bar_day_normal@3x.png */ = {isa = PBXFileReference; lastKnownFileType = image.png; path = "tab_bar_day_normal@3x.png"; sourceTree = "<group>"; };
		84E074932272E68E007D4D98 /* tab_bar_day_selected@2x.png */ = {isa = PBXFileReference; lastKnownFileType = image.png; path = "tab_bar_day_selected@2x.png"; sourceTree = "<group>"; };
		84E074942272E68E007D4D98 /* tab_bar_me_selected@3x.png */ = {isa = PBXFileReference; lastKnownFileType = image.png; path = "tab_bar_me_selected@3x.png"; sourceTree = "<group>"; };
		84E074A42272EE53007D4D98 /* Prefix.swift */ = {isa = PBXFileReference; lastKnownFileType = sourcecode.swift; path = Prefix.swift; sourceTree = "<group>"; };
		84E4D7452296964A0016F241 /* SettingViewController.swift */ = {isa = PBXFileReference; lastKnownFileType = sourcecode.swift; path = SettingViewController.swift; sourceTree = "<group>"; };
		84EAF93C22757DD800DD7E09 /* SnapKit.framework */ = {isa = PBXFileReference; explicitFileType = wrapper.framework; path = SnapKit.framework; sourceTree = BUILT_PRODUCTS_DIR; };
		84EAF93E227583BB00DD7E09 /* MBProgressHUD.framework */ = {isa = PBXFileReference; explicitFileType = wrapper.framework; path = MBProgressHUD.framework; sourceTree = BUILT_PRODUCTS_DIR; };
		84EAF9412275870500DD7E09 /* qr_code@2x.png */ = {isa = PBXFileReference; lastKnownFileType = image.png; path = "qr_code@2x.png"; sourceTree = "<group>"; };
		84EAF9422275870500DD7E09 /* qr_code@3x.png */ = {isa = PBXFileReference; lastKnownFileType = image.png; path = "qr_code@3x.png"; sourceTree = "<group>"; };
		84EAF9452275870500DD7E09 /* avatar.png */ = {isa = PBXFileReference; lastKnownFileType = image.png; path = avatar.png; sourceTree = "<group>"; };
		84EAF9462275870500DD7E09 /* me_setting@2x.png */ = {isa = PBXFileReference; lastKnownFileType = image.png; path = "me_setting@2x.png"; sourceTree = "<group>"; };
		84EAF9472275870500DD7E09 /* me_account@3x..png */ = {isa = PBXFileReference; lastKnownFileType = image.png; path = "me_account@3x..png"; sourceTree = "<group>"; };
		84EAF9482275870500DD7E09 /* me_setting@3x.png */ = {isa = PBXFileReference; lastKnownFileType = image.png; path = "me_setting@3x.png"; sourceTree = "<group>"; };
		84EAF9492275870500DD7E09 /* me_account@2x.png */ = {isa = PBXFileReference; lastKnownFileType = image.png; path = "me_account@2x.png"; sourceTree = "<group>"; };
		F135301D00DD28A174CEFF5F /* Pods_SunnyDay.framework */ = {isa = PBXFileReference; explicitFileType = wrapper.framework; includeInIndex = 0; path = Pods_SunnyDay.framework; sourceTree = BUILT_PRODUCTS_DIR; };
		FA61E83C208C4A51DCF922B0 /* Pods-SunnyDay.debug.xcconfig */ = {isa = PBXFileReference; includeInIndex = 1; lastKnownFileType = text.xcconfig; name = "Pods-SunnyDay.debug.xcconfig"; path = "Pods/Target Support Files/Pods-SunnyDay/Pods-SunnyDay.debug.xcconfig"; sourceTree = "<group>"; };
/* End PBXFileReference section */

/* Begin PBXFrameworksBuildPhase section */
		84E074652272A082007D4D98 /* Frameworks */ = {
			isa = PBXFrameworksBuildPhase;
			buildActionMask = 2147483647;
			files = (
				848B046A22963DCF002A708E /* SnapKit.framework in Frameworks */,
				84EAF93F227583BB00DD7E09 /* MBProgressHUD.framework in Frameworks */,
				50B6A5E5133F0944B0A16E84 /* Pods_SunnyDay.framework in Frameworks */,
			);
			runOnlyForDeploymentPostprocessing = 0;
		};
/* End PBXFrameworksBuildPhase section */

/* Begin PBXGroup section */
		4115B05DE7687A1630C7765E /* Frameworks */ = {
			isa = PBXGroup;
			children = (
				848B046922963DCF002A708E /* SnapKit.framework */,
				84EAF93E227583BB00DD7E09 /* MBProgressHUD.framework */,
				84EAF93C22757DD800DD7E09 /* SnapKit.framework */,
				F135301D00DD28A174CEFF5F /* Pods_SunnyDay.framework */,
			);
			name = Frameworks;
			sourceTree = "<group>";
		};
		45E68C56CDDDC85CCAFEB7C8 /* Pods */ = {
			isa = PBXGroup;
			children = (
				FA61E83C208C4A51DCF922B0 /* Pods-SunnyDay.debug.xcconfig */,
				23A1867C101E6FF5C741A62E /* Pods-SunnyDay.release.xcconfig */,
			);
			name = Pods;
			sourceTree = "<group>";
		};
		848B046B22963DF0002A708E /* view */ = {
			isa = PBXGroup;
			children = (
				848B046C22963E1D002A708E /* MeCell.swift */,
			);
			path = view;
			sourceTree = "<group>";
		};
		84E0745F2272A082007D4D98 = {
			isa = PBXGroup;
			children = (
				84E0746A2272A082007D4D98 /* SunnyDay */,
				84E074692272A082007D4D98 /* Products */,
				45E68C56CDDDC85CCAFEB7C8 /* Pods */,
				4115B05DE7687A1630C7765E /* Frameworks */,
			);
			sourceTree = "<group>";
		};
		84E074692272A082007D4D98 /* Products */ = {
			isa = PBXGroup;
			children = (
				84E074682272A082007D4D98 /* SunnyDay.app */,
			);
			name = Products;
			sourceTree = "<group>";
		};
		84E0746A2272A082007D4D98 /* SunnyDay */ = {
			isa = PBXGroup;
			children = (
				84E0746B2272A082007D4D98 /* AppDelegate.swift */,
				84E0747D2272A3E7007D4D98 /* BaseTabBarViewController.swift */,
				84E0747F2272B25E007D4D98 /* BaseNavigationController.swift */,
				84E074812272E0AF007D4D98 /* DayViewController.swift */,
				84E074832272E0C6007D4D98 /* NightViewController.swift */,
				84E074852272E0D4007D4D98 /* MeViewController.swift */,
				84E4D7452296964A0016F241 /* SettingViewController.swift */,
				84E074A42272EE53007D4D98 /* Prefix.swift */,
				848B046B22963DF0002A708E /* view */,
				84E074872272E649007D4D98 /* Resource */,
				84E0746F2272A082007D4D98 /* Main.storyboard */,
				84E074722272A083007D4D98 /* Assets.xcassets */,
				84E074742272A083007D4D98 /* LaunchScreen.storyboard */,
				84E074772272A083007D4D98 /* Info.plist */,
			);
			path = SunnyDay;
			sourceTree = "<group>";
		};
		84E074872272E649007D4D98 /* Resource */ = {
			isa = PBXGroup;
			children = (
				84E074882272E68E007D4D98 /* tabbar */,
				84EAF9402275870500DD7E09 /* me */,
			);
			path = Resource;
			sourceTree = "<group>";
		};
		84E074882272E68E007D4D98 /* tabbar */ = {
			isa = PBXGroup;
			children = (
				84E074892272E68E007D4D98 /* tab_bar_night_selected@2x.png */,
				84E0748A2272E68E007D4D98 /* tab_bar_night_selected@3x.png */,
				84E0748B2272E68E007D4D98 /* tab_bar_night_normal@2x.png */,
				84E0748C2272E68E007D4D98 /* tab_bar_night_normal@3x.png */,
				84E0748D2272E68E007D4D98 /* tab_bar_me_normal@3x.png */,
				84E0748E2272E68E007D4D98 /* tab_bar_me_normal@2x.png */,
				84E0748F2272E68E007D4D98 /* tab_bar_me_selected@2x.png */,
				84E074902272E68E007D4D98 /* tab_bar_day_selected@3x.png */,
				84E074912272E68E007D4D98 /* tab_bar_day_normal@2x.png */,
				84E074922272E68E007D4D98 /* tab_bar_day_normal@3x.png */,
				84E074932272E68E007D4D98 /* tab_bar_day_selected@2x.png */,
				84E074942272E68E007D4D98 /* tab_bar_me_selected@3x.png */,
			);
			path = tabbar;
			sourceTree = "<group>";
		};
		84EAF9402275870500DD7E09 /* me */ = {
			isa = PBXGroup;
			children = (
				84EAF9452275870500DD7E09 /* avatar.png */,
				84EAF9412275870500DD7E09 /* qr_code@2x.png */,
				84EAF9422275870500DD7E09 /* qr_code@3x.png */,
				848B046F22964627002A708E /* me_statistical@2x.png */,
				848B046E22964627002A708E /* me_statistical@3x.png */,
				84EAF9492275870500DD7E09 /* me_account@2x.png */,
				84EAF9472275870500DD7E09 /* me_account@3x..png */,
				84EAF9462275870500DD7E09 /* me_setting@2x.png */,
				84EAF9482275870500DD7E09 /* me_setting@3x.png */,
			);
			path = me;
			sourceTree = "<group>";
		};
/* End PBXGroup section */

/* Begin PBXNativeTarget section */
		84E074672272A082007D4D98 /* SunnyDay */ = {
			isa = PBXNativeTarget;
			buildConfigurationList = 84E0747A2272A083007D4D98 /* Build configuration list for PBXNativeTarget "SunnyDay" */;
			buildPhases = (
				8ED55E4EA91D5EC8BA2400C1 /* [CP] Check Pods Manifest.lock */,
				84E074642272A082007D4D98 /* Sources */,
				84E074652272A082007D4D98 /* Frameworks */,
				84E074662272A082007D4D98 /* Resources */,
				08494CE0F176ECEDD37B7C29 /* [CP] Embed Pods Frameworks */,
			);
			buildRules = (
			);
			dependencies = (
			);
			name = SunnyDay;
			productName = SunnyDay;
			productReference = 84E074682272A082007D4D98 /* SunnyDay.app */;
			productType = "com.apple.product-type.application";
		};
/* End PBXNativeTarget section */

/* Begin PBXProject section */
		84E074602272A082007D4D98 /* Project object */ = {
			isa = PBXProject;
			attributes = {
				LastSwiftUpdateCheck = 1010;
				LastUpgradeCheck = 1010;
				ORGANIZATIONNAME = admin;
				TargetAttributes = {
					84E074672272A082007D4D98 = {
						CreatedOnToolsVersion = 10.1;
					};
				};
			};
			buildConfigurationList = 84E074632272A082007D4D98 /* Build configuration list for PBXProject "SunnyDay" */;
			compatibilityVersion = "Xcode 9.3";
			developmentRegion = en;
			hasScannedForEncodings = 0;
			knownRegions = (
				en,
				Base,
			);
			mainGroup = 84E0745F2272A082007D4D98;
			productRefGroup = 84E074692272A082007D4D98 /* Products */;
			projectDirPath = "";
			projectRoot = "";
			targets = (
				84E074672272A082007D4D98 /* SunnyDay */,
			);
		};
/* End PBXProject section */

/* Begin PBXResourcesBuildPhase section */
		84E074662272A082007D4D98 /* Resources */ = {
			isa = PBXResourcesBuildPhase;
			buildActionMask = 2147483647;
			files = (
				84E074762272A083007D4D98 /* LaunchScreen.storyboard in Resources */,
				848B047022964627002A708E /* me_statistical@3x.png in Resources */,
				84E0749A2272E68E007D4D98 /* tab_bar_me_normal@2x.png in Resources */,
				84EAF94B2275870500DD7E09 /* qr_code@3x.png in Resources */,
				84E0749C2272E68E007D4D98 /* tab_bar_day_selected@3x.png in Resources */,
				84EAF9522275870500DD7E09 /* me_account@2x.png in Resources */,
				84E074732272A083007D4D98 /* Assets.xcassets in Resources */,
				84E0749F2272E68E007D4D98 /* tab_bar_day_selected@2x.png in Resources */,
				848B047122964627002A708E /* me_statistical@2x.png in Resources */,
				84E074A02272E68E007D4D98 /* tab_bar_me_selected@3x.png in Resources */,
				84E074992272E68E007D4D98 /* tab_bar_me_normal@3x.png in Resources */,
				84E074972272E68E007D4D98 /* tab_bar_night_normal@2x.png in Resources */,
				84EAF94A2275870500DD7E09 /* qr_code@2x.png in Resources */,
				84EAF94F2275870500DD7E09 /* me_setting@2x.png in Resources */,
				84E0749D2272E68E007D4D98 /* tab_bar_day_normal@2x.png in Resources */,
				84E074982272E68E007D4D98 /* tab_bar_night_normal@3x.png in Resources */,
				84EAF9512275870500DD7E09 /* me_setting@3x.png in Resources */,
				84E074952272E68E007D4D98 /* tab_bar_night_selected@2x.png in Resources */,
				84E0749E2272E68E007D4D98 /* tab_bar_day_normal@3x.png in Resources */,
				84E074712272A082007D4D98 /* Main.storyboard in Resources */,
				84EAF94E2275870500DD7E09 /* avatar.png in Resources */,
				84E074962272E68E007D4D98 /* tab_bar_night_selected@3x.png in Resources */,
				84E0749B2272E68E007D4D98 /* tab_bar_me_selected@2x.png in Resources */,
				84EAF9502275870500DD7E09 /* me_account@3x..png in Resources */,
			);
			runOnlyForDeploymentPostprocessing = 0;
		};
/* End PBXResourcesBuildPhase section */

/* Begin PBXShellScriptBuildPhase section */
		08494CE0F176ECEDD37B7C29 /* [CP] Embed Pods Frameworks */ = {
			isa = PBXShellScriptBuildPhase;
			buildActionMask = 2147483647;
			files = (
			);
			inputPaths = (
				"${SRCROOT}/Pods/Target Support Files/Pods-SunnyDay/Pods-SunnyDay-frameworks.sh",
				"${BUILT_PRODUCTS_DIR}/DNSPageView/DNSPageView.framework",
				"${BUILT_PRODUCTS_DIR}/MBProgressHUD/MBProgressHUD.framework",
				"${BUILT_PRODUCTS_DIR}/SnapKit/SnapKit.framework",
			);
			name = "[CP] Embed Pods Frameworks";
			outputPaths = (
				"${TARGET_BUILD_DIR}/${FRAMEWORKS_FOLDER_PATH}/DNSPageView.framework",
				"${TARGET_BUILD_DIR}/${FRAMEWORKS_FOLDER_PATH}/MBProgressHUD.framework",
				"${TARGET_BUILD_DIR}/${FRAMEWORKS_FOLDER_PATH}/SnapKit.framework",
			);
			runOnlyForDeploymentPostprocessing = 0;
			shellPath = /bin/sh;
			shellScript = "\"${SRCROOT}/Pods/Target Support Files/Pods-SunnyDay/Pods-SunnyDay-frameworks.sh\"\n";
			showEnvVarsInLog = 0;
		};
		8ED55E4EA91D5EC8BA2400C1 /* [CP] Check Pods Manifest.lock */ = {
			isa = PBXShellScriptBuildPhase;
			buildActionMask = 2147483647;
			files = (
			);
			inputPaths = (
				"${PODS_PODFILE_DIR_PATH}/Podfile.lock",
				"${PODS_ROOT}/Manifest.lock",
			);
			name = "[CP] Check Pods Manifest.lock";
			outputPaths = (
				"$(DERIVED_FILE_DIR)/Pods-SunnyDay-checkManifestLockResult.txt",
			);
			runOnlyForDeploymentPostprocessing = 0;
			shellPath = /bin/sh;
			shellScript = "diff \"${PODS_PODFILE_DIR_PATH}/Podfile.lock\" \"${PODS_ROOT}/Manifest.lock\" > /dev/null\nif [ $? != 0 ] ; then\n    # print error to STDERR\n    echo \"error: The sandbox is not in sync with the Podfile.lock. Run 'pod install' or update your CocoaPods installation.\" >&2\n    exit 1\nfi\n# This output is used by Xcode 'outputs' to avoid re-running this script phase.\necho \"SUCCESS\" > \"${SCRIPT_OUTPUT_FILE_0}\"\n";
			showEnvVarsInLog = 0;
		};
/* End PBXShellScriptBuildPhase section */

/* Begin PBXSourcesBuildPhase section */
		84E074642272A082007D4D98 /* Sources */ = {
			isa = PBXSourcesBuildPhase;
			buildActionMask = 2147483647;
			files = (
				84E074802272B25E007D4D98 /* BaseNavigationController.swift in Sources */,
				848B046D22963E1D002A708E /* MeCell.swift in Sources */,
				84E074862272E0D4007D4D98 /* MeViewController.swift in Sources */,
				84E074822272E0AF007D4D98 /* DayViewController.swift in Sources */,
				84E0746C2272A082007D4D98 /* AppDelegate.swift in Sources */,
				84E4D7462296964A0016F241 /* SettingViewController.swift in Sources */,
				84E074A52272EE53007D4D98 /* Prefix.swift in Sources */,
				84E0747E2272A3E7007D4D98 /* BaseTabBarViewController.swift in Sources */,
				84E074842272E0C6007D4D98 /* NightViewController.swift in Sources */,
			);
			runOnlyForDeploymentPostprocessing = 0;
		};
/* End PBXSourcesBuildPhase section */

/* Begin PBXVariantGroup section */
		84E0746F2272A082007D4D98 /* Main.storyboard */ = {
			isa = PBXVariantGroup;
			children = (
				84E074702272A082007D4D98 /* Base */,
			);
			name = Main.storyboard;
			sourceTree = "<group>";
		};
		84E074742272A083007D4D98 /* LaunchScreen.storyboard */ = {
			isa = PBXVariantGroup;
			children = (
				84E074752272A083007D4D98 /* Base */,
			);
			name = LaunchScreen.storyboard;
			sourceTree = "<group>";
		};
/* End PBXVariantGroup section */

/* Begin XCBuildConfiguration section */
		84E074782272A083007D4D98 /* Debug */ = {
			isa = XCBuildConfiguration;
			buildSettings = {
				ALWAYS_SEARCH_USER_PATHS = NO;
				CLANG_ANALYZER_NONNULL = YES;
				CLANG_ANALYZER_NUMBER_OBJECT_CONVERSION = YES_AGGRESSIVE;
				CLANG_CXX_LANGUAGE_STANDARD = "gnu++14";
				CLANG_CXX_LIBRARY = "libc++";
				CLANG_ENABLE_MODULES = YES;
				CLANG_ENABLE_OBJC_ARC = YES;
				CLANG_ENABLE_OBJC_WEAK = YES;
				CLANG_WARN_BLOCK_CAPTURE_AUTORELEASING = YES;
				CLANG_WARN_BOOL_CONVERSION = YES;
				CLANG_WARN_COMMA = YES;
				CLANG_WARN_CONSTANT_CONVERSION = YES;
				CLANG_WARN_DEPRECATED_OBJC_IMPLEMENTATIONS = YES;
				CLANG_WARN_DIRECT_OBJC_ISA_USAGE = YES_ERROR;
				CLANG_WARN_DOCUMENTATION_COMMENTS = YES;
				CLANG_WARN_EMPTY_BODY = YES;
				CLANG_WARN_ENUM_CONVERSION = YES;
				CLANG_WARN_INFINITE_RECURSION = YES;
				CLANG_WARN_INT_CONVERSION = YES;
				CLANG_WARN_NON_LITERAL_NULL_CONVERSION = YES;
				CLANG_WARN_OBJC_IMPLICIT_RETAIN_SELF = YES;
				CLANG_WARN_OBJC_LITERAL_CONVERSION = YES;
				CLANG_WARN_OBJC_ROOT_CLASS = YES_ERROR;
				CLANG_WARN_RANGE_LOOP_ANALYSIS = YES;
				CLANG_WARN_STRICT_PROTOTYPES = YES;
				CLANG_WARN_SUSPICIOUS_MOVE = YES;
				CLANG_WARN_UNGUARDED_AVAILABILITY = YES_AGGRESSIVE;
				CLANG_WARN_UNREACHABLE_CODE = YES;
				CLANG_WARN__DUPLICATE_METHOD_MATCH = YES;
				CODE_SIGN_IDENTITY = "iPhone Developer";
				COPY_PHASE_STRIP = NO;
				DEBUG_INFORMATION_FORMAT = dwarf;
				ENABLE_STRICT_OBJC_MSGSEND = YES;
				ENABLE_TESTABILITY = YES;
				GCC_C_LANGUAGE_STANDARD = gnu11;
				GCC_DYNAMIC_NO_PIC = NO;
				GCC_NO_COMMON_BLOCKS = YES;
				GCC_OPTIMIZATION_LEVEL = 0;
				GCC_PREPROCESSOR_DEFINITIONS = (
					"DEBUG=1",
					"$(inherited)",
				);
				GCC_WARN_64_TO_32_BIT_CONVERSION = YES;
				GCC_WARN_ABOUT_RETURN_TYPE = YES_ERROR;
				GCC_WARN_UNDECLARED_SELECTOR = YES;
				GCC_WARN_UNINITIALIZED_AUTOS = YES_AGGRESSIVE;
				GCC_WARN_UNUSED_FUNCTION = YES;
				GCC_WARN_UNUSED_VARIABLE = YES;
				IPHONEOS_DEPLOYMENT_TARGET = 12.1;
				MTL_ENABLE_DEBUG_INFO = INCLUDE_SOURCE;
				MTL_FAST_MATH = YES;
				ONLY_ACTIVE_ARCH = YES;
				SDKROOT = iphoneos;
				SWIFT_ACTIVE_COMPILATION_CONDITIONS = DEBUG;
				SWIFT_OPTIMIZATION_LEVEL = "-Onone";
			};
			name = Debug;
		};
		84E074792272A083007D4D98 /* Release */ = {
			isa = XCBuildConfiguration;
			buildSettings = {
				ALWAYS_SEARCH_USER_PATHS = NO;
				CLANG_ANALYZER_NONNULL = YES;
				CLANG_ANALYZER_NUMBER_OBJECT_CONVERSION = YES_AGGRESSIVE;
				CLANG_CXX_LANGUAGE_STANDARD = "gnu++14";
				CLANG_CXX_LIBRARY = "libc++";
				CLANG_ENABLE_MODULES = YES;
				CLANG_ENABLE_OBJC_ARC = YES;
				CLANG_ENABLE_OBJC_WEAK = YES;
				CLANG_WARN_BLOCK_CAPTURE_AUTORELEASING = YES;
				CLANG_WARN_BOOL_CONVERSION = YES;
				CLANG_WARN_COMMA = YES;
				CLANG_WARN_CONSTANT_CONVERSION = YES;
				CLANG_WARN_DEPRECATED_OBJC_IMPLEMENTATIONS = YES;
				CLANG_WARN_DIRECT_OBJC_ISA_USAGE = YES_ERROR;
				CLANG_WARN_DOCUMENTATION_COMMENTS = YES;
				CLANG_WARN_EMPTY_BODY = YES;
				CLANG_WARN_ENUM_CONVERSION = YES;
				CLANG_WARN_INFINITE_RECURSION = YES;
				CLANG_WARN_INT_CONVERSION = YES;
				CLANG_WARN_NON_LITERAL_NULL_CONVERSION = YES;
				CLANG_WARN_OBJC_IMPLICIT_RETAIN_SELF = YES;
				CLANG_WARN_OBJC_LITERAL_CONVERSION = YES;
				CLANG_WARN_OBJC_ROOT_CLASS = YES_ERROR;
				CLANG_WARN_RANGE_LOOP_ANALYSIS = YES;
				CLANG_WARN_STRICT_PROTOTYPES = YES;
				CLANG_WARN_SUSPICIOUS_MOVE = YES;
				CLANG_WARN_UNGUARDED_AVAILABILITY = YES_AGGRESSIVE;
				CLANG_WARN_UNREACHABLE_CODE = YES;
				CLANG_WARN__DUPLICATE_METHOD_MATCH = YES;
				CODE_SIGN_IDENTITY = "iPhone Developer";
				COPY_PHASE_STRIP = NO;
				DEBUG_INFORMATION_FORMAT = "dwarf-with-dsym";
				ENABLE_NS_ASSERTIONS = NO;
				ENABLE_STRICT_OBJC_MSGSEND = YES;
				GCC_C_LANGUAGE_STANDARD = gnu11;
				GCC_NO_COMMON_BLOCKS = YES;
				GCC_WARN_64_TO_32_BIT_CONVERSION = YES;
				GCC_WARN_ABOUT_RETURN_TYPE = YES_ERROR;
				GCC_WARN_UNDECLARED_SELECTOR = YES;
				GCC_WARN_UNINITIALIZED_AUTOS = YES_AGGRESSIVE;
				GCC_WARN_UNUSED_FUNCTION = YES;
				GCC_WARN_UNUSED_VARIABLE = YES;
				IPHONEOS_DEPLOYMENT_TARGET = 12.1;
				MTL_ENABLE_DEBUG_INFO = NO;
				MTL_FAST_MATH = YES;
				SDKROOT = iphoneos;
				SWIFT_COMPILATION_MODE = wholemodule;
				SWIFT_OPTIMIZATION_LEVEL = "-O";
				VALIDATE_PRODUCT = YES;
			};
			name = Release;
		};
		84E0747B2272A083007D4D98 /* Debug */ = {
			isa = XCBuildConfiguration;
			baseConfigurationReference = FA61E83C208C4A51DCF922B0 /* Pods-SunnyDay.debug.xcconfig */;
			buildSettings = {
				ASSETCATALOG_COMPILER_APPICON_NAME = AppIcon;
				CODE_SIGN_STYLE = Automatic;
				GCC_PRECOMPILE_PREFIX_HEADER = NO;
				GCC_PREFIX_HEADER = "";
				INFOPLIST_FILE = SunnyDay/Info.plist;
				LD_RUNPATH_SEARCH_PATHS = (
					"$(inherited)",
					"@executable_path/Frameworks",
				);
				PRODUCT_BUNDLE_IDENTIFIER = admin.SunnyDay;
				PRODUCT_NAME = "$(TARGET_NAME)";
				SWIFT_VERSION = 5.0;
				TARGETED_DEVICE_FAMILY = "1,2";
			};
			name = Debug;
		};
		84E0747C2272A083007D4D98 /* Release */ = {
			isa = XCBuildConfiguration;
			baseConfigurationReference = 23A1867C101E6FF5C741A62E /* Pods-SunnyDay.release.xcconfig */;
			buildSettings = {
				ASSETCATALOG_COMPILER_APPICON_NAME = AppIcon;
				CODE_SIGN_STYLE = Automatic;
				GCC_PRECOMPILE_PREFIX_HEADER = NO;
				GCC_PREFIX_HEADER = "";
				INFOPLIST_FILE = SunnyDay/Info.plist;
				LD_RUNPATH_SEARCH_PATHS = (
					"$(inherited)",
					"@executable_path/Frameworks",
				);
				PRODUCT_BUNDLE_IDENTIFIER = admin.SunnyDay;
				PRODUCT_NAME = "$(TARGET_NAME)";
				SWIFT_VERSION = 5.0;
				TARGETED_DEVICE_FAMILY = "1,2";
			};
			name = Release;
		};
/* End XCBuildConfiguration section */

/* Begin XCConfigurationList section */
		84E074632272A082007D4D98 /* Build configuration list for PBXProject "SunnyDay" */ = {
			isa = XCConfigurationList;
			buildConfigurations = (
				84E074782272A083007D4D98 /* Debug */,
				84E074792272A083007D4D98 /* Release */,
			);
			defaultConfigurationIsVisible = 0;
			defaultConfigurationName = Release;
		};
		84E0747A2272A083007D4D98 /* Build configuration list for PBXNativeTarget "SunnyDay" */ = {
			isa = XCConfigurationList;
			buildConfigurations = (
				84E0747B2272A083007D4D98 /* Debug */,
				84E0747C2272A083007D4D98 /* Release */,
			);
			defaultConfigurationIsVisible = 0;
			defaultConfigurationName = Release;
		};
/* End XCConfigurationList section */
	};
	rootObject = 84E074602272A082007D4D98 /* Project object */;
}
